{
  "version": 4,
  "terraform_version": "1.7.5",
  "serial": 214,
  "lineage": "3c8752dd-1e05-e044-82de-eaca7efae34f",
  "outputs": {},
  "resources": [
    {
      "mode": "managed",
      "type": "local_file",
      "name": "hosts",
      "provider": "provider[\"registry.terraform.io/hashicorp/local\"]",
      "instances": [
        {
          "schema_version": 0,
          "attributes": {
            "content": "[master]\nmaster0-ru-central1-a ansible_ssh_common_args='-o StrictHostKeyChecking=no' ansible_host=178.154.206.78 ansible_user=admin ansible_python_interpreter=/usr/bin/python3\n\n\n[worker]\nworker0-ru-central1-a ansible_ssh_common_args='-o StrictHostKeyChecking=no' ansible_host=158.160.119.246 ansible_user=admin ansible_python_interpreter=/usr/bin/python3\nworker1-ru-central1-a ansible_ssh_common_args='-o StrictHostKeyChecking=no' ansible_host=158.160.111.121 ansible_user=admin ansible_python_interpreter=/usr/bin/python3\nworker2-ru-central1-a ansible_ssh_common_args='-o StrictHostKeyChecking=no' ansible_host=62.84.124.110 ansible_user=admin ansible_python_interpreter=/usr/bin/python3\nworker3-ru-central1-a ansible_ssh_common_args='-o StrictHostKeyChecking=no' ansible_host=62.84.112.169 ansible_user=admin ansible_python_interpreter=/usr/bin/python3\n",
            "content_base64": null,
            "content_base64sha256": "lUkQqc8T9jjFBxesIaoYk5DH6ZsF6mSF3HU/7JGSj+8=",
            "content_base64sha512": "X2X16RQ9YaU6KdyHwg3y/IONXXkvbBvBFYBZdbEWuPws9LWBviUT4lIVoJQ7eaq6Ce1bMx2qjWjAUK8WYipSYA==",
            "content_md5": "980175f79a03486c305fa11ac2dff834",
            "content_sha1": "45e325bb66761bea279e024438fe9c2f724692c5",
            "content_sha256": "954910a9cf13f638c50717ac21aa189390c7e99b05ea6485dc753fec91928fef",
            "content_sha512": "5f65f5e9143d61a53a29dc87c20df2fc838d5d792f6c1bc115805975b116b8fc2cf4b581be2513e25215a0943b79aaba09ed5b331daa8d68c050af16622a5260",
            "directory_permission": "0777",
            "file_permission": "0777",
            "filename": "../ansible/hosts",
            "id": "45e325bb66761bea279e024438fe9c2f724692c5",
            "sensitive_content": null,
            "source": null
          },
          "sensitive_attributes": [],
          "dependencies": [
            "yandex_compute_instance.vm_master",
            "yandex_compute_instance.vm_worker",
            "yandex_vpc_network.kub_net",
            "yandex_vpc_subnet.kub_net_subnet_a"
          ]
        }
      ]
    },
    {
      "mode": "managed",
      "type": "yandex_compute_instance",
      "name": "vm_master",
      "provider": "provider[\"registry.terraform.io/yandex-cloud/yandex\"]",
      "instances": [
        {
          "index_key": 0,
          "schema_version": 1,
          "attributes": {
            "allow_recreate": null,
            "allow_stopping_for_update": true,
            "boot_disk": [
              {
                "auto_delete": true,
                "device_name": "fhm67fo8hi3c90p2k4ul",
                "disk_id": "fhm67fo8hi3c90p2k4ul",
                "initialize_params": [
                  {
                    "block_size": 4096,
                    "description": "",
                    "image_id": "fd8dmgc8d3slc0q9pjvv",
                    "name": "",
                    "size": 10,
                    "snapshot_id": "",
                    "type": "network-hdd"
                  }
                ],
                "mode": "READ_WRITE"
              }
            ],
            "created_at": "2024-03-22T14:28:04Z",
            "description": "",
            "filesystem": [],
            "folder_id": "b1gq0mj5rh4up9offieh",
            "fqdn": "master0-ru-central1-a.ru-central1.internal",
            "gpu_cluster_id": "",
            "hostname": "master0-ru-central1-a",
            "id": "fhmhbu9dqr6tmepci6o3",
            "labels": {},
            "local_disk": [],
            "maintenance_grace_period": "",
            "maintenance_policy": null,
            "metadata": {
              "user-data": "#cloud-config\nssh_pwauth: no\nusers:\n  - name: admin\n    sudo: ALL=(ALL) NOPASSWD:ALL\n    shell: /bin/bash\n    ssh_authorized_keys:\n      - ssh-rsa AAAAB3NzaC1yc2EAAAADAQABAAABgQCxuZp+FqjaFpSAeHJzYIFjYd7rw8n0JkUo9D09/bOQoloelC+dfPug5SOpSwgwDej6QTvJYTpUlw9y3JoqBjq+A6ygTNUbIrXC95rLwfwgs7bEQbrtYQhu1bxao/H/6yBWgkzl3T2J3lzi+hyAZ8bma07RZyWnJjXsiRL8ovTrv6uGyq9noFG1YFBSMl6V+fhSR+rg1aaKq9u0hH00ouuxI4ggsKY/vvLhQq1faCgjv6axZ3Wy/b0mugwrWuK5K8jEmae/AtusSID3OB5jsVaGOYRvNZCWLcwIB+NguY1A0/+5IVlpG4C0LjQ03jgyB3unbm9c4HMZJFvm3u4Ka0RsEXzaHs4gFPN5JzOWbMzAxXRHrko+Z3WepQc6uf2diMYCzTb9B31yiXqFLY0eTy/BYKjsvvjVvBh5nKv7KFp0651SkLSbjXHExEnFhZ+1cILcrvkhLNNkxCo7AgP7GLUQ1v8T6UOzfEUy0b++D/F0rP1qY/Ircs8+7fIN/wi0/sU= root@debian\n"
            },
            "metadata_options": [
              {
                "aws_v1_http_endpoint": 1,
                "aws_v1_http_token": 2,
                "gce_http_endpoint": 1,
                "gce_http_token": 1
              }
            ],
            "name": "master0-ru-central1-a",
            "network_acceleration_type": "standard",
            "network_interface": [
              {
                "dns_record": [],
                "index": 0,
                "ip_address": "192.168.10.16",
                "ipv4": true,
                "ipv6": false,
                "ipv6_address": "",
                "ipv6_dns_record": [],
                "mac_address": "d0:0d:11:5f:92:dd",
                "nat": true,
                "nat_dns_record": [],
                "nat_ip_address": "178.154.206.78",
                "nat_ip_version": "IPV4",
                "security_group_ids": [],
                "subnet_id": "e9b2s34jseskavjineh8"
              }
            ],
            "placement_policy": [
              {
                "host_affinity_rules": [],
                "placement_group_id": "",
                "placement_group_partition": 0
              }
            ],
            "platform_id": "standard-v3",
            "resources": [
              {
                "core_fraction": 100,
                "cores": 2,
                "gpus": 0,
                "memory": 2
              }
            ],
            "scheduling_policy": [
              {
                "preemptible": false
              }
            ],
            "secondary_disk": [],
            "service_account_id": "",
            "status": "running",
            "timeouts": null,
            "zone": "ru-central1-a"
          },
          "sensitive_attributes": [],
          "private": "eyJlMmJmYjczMC1lY2FhLTExZTYtOGY4OC0zNDM2M2JjN2M0YzAiOnsiY3JlYXRlIjozMDAwMDAwMDAwMDAsImRlbGV0ZSI6MzAwMDAwMDAwMDAwLCJ1cGRhdGUiOjMwMDAwMDAwMDAwMH0sInNjaGVtYV92ZXJzaW9uIjoiMSJ9",
          "dependencies": [
            "yandex_vpc_network.kub_net",
            "yandex_vpc_subnet.kub_net_subnet_a"
          ]
        }
      ]
    },
    {
      "mode": "managed",
      "type": "yandex_compute_instance",
      "name": "vm_worker",
      "provider": "provider[\"registry.terraform.io/yandex-cloud/yandex\"]",
      "instances": [
        {
          "index_key": 0,
          "schema_version": 1,
          "attributes": {
            "allow_recreate": null,
            "allow_stopping_for_update": true,
            "boot_disk": [
              {
                "auto_delete": true,
                "device_name": "fhmbp3hf51umlc1ict35",
                "disk_id": "fhmbp3hf51umlc1ict35",
                "initialize_params": [
                  {
                    "block_size": 4096,
                    "description": "",
                    "image_id": "fd8dmgc8d3slc0q9pjvv",
                    "name": "",
                    "size": 10,
                    "snapshot_id": "",
                    "type": "network-hdd"
                  }
                ],
                "mode": "READ_WRITE"
              }
            ],
            "created_at": "2024-03-22T14:28:04Z",
            "description": "",
            "filesystem": [],
            "folder_id": "b1gq0mj5rh4up9offieh",
            "fqdn": "worker0-ru-central1-a.ru-central1.internal",
            "gpu_cluster_id": "",
            "hostname": "worker0-ru-central1-a",
            "id": "fhml8rdb38dv49gim5k4",
            "labels": {},
            "local_disk": [],
            "maintenance_grace_period": "",
            "maintenance_policy": null,
            "metadata": {
              "user-data": "#cloud-config\nssh_pwauth: no\nusers:\n  - name: admin\n    sudo: ALL=(ALL) NOPASSWD:ALL\n    shell: /bin/bash\n    ssh_authorized_keys:\n      - ssh-rsa AAAAB3NzaC1yc2EAAAADAQABAAABgQCxuZp+FqjaFpSAeHJzYIFjYd7rw8n0JkUo9D09/bOQoloelC+dfPug5SOpSwgwDej6QTvJYTpUlw9y3JoqBjq+A6ygTNUbIrXC95rLwfwgs7bEQbrtYQhu1bxao/H/6yBWgkzl3T2J3lzi+hyAZ8bma07RZyWnJjXsiRL8ovTrv6uGyq9noFG1YFBSMl6V+fhSR+rg1aaKq9u0hH00ouuxI4ggsKY/vvLhQq1faCgjv6axZ3Wy/b0mugwrWuK5K8jEmae/AtusSID3OB5jsVaGOYRvNZCWLcwIB+NguY1A0/+5IVlpG4C0LjQ03jgyB3unbm9c4HMZJFvm3u4Ka0RsEXzaHs4gFPN5JzOWbMzAxXRHrko+Z3WepQc6uf2diMYCzTb9B31yiXqFLY0eTy/BYKjsvvjVvBh5nKv7KFp0651SkLSbjXHExEnFhZ+1cILcrvkhLNNkxCo7AgP7GLUQ1v8T6UOzfEUy0b++D/F0rP1qY/Ircs8+7fIN/wi0/sU= root@debian \n"
            },
            "metadata_options": [
              {
                "aws_v1_http_endpoint": 1,
                "aws_v1_http_token": 2,
                "gce_http_endpoint": 1,
                "gce_http_token": 1
              }
            ],
            "name": "worker0-ru-central1-a",
            "network_acceleration_type": "standard",
            "network_interface": [
              {
                "dns_record": [],
                "index": 0,
                "ip_address": "192.168.10.31",
                "ipv4": true,
                "ipv6": false,
                "ipv6_address": "",
                "ipv6_dns_record": [],
                "mac_address": "d0:0d:15:46:da:b1",
                "nat": true,
                "nat_dns_record": [],
                "nat_ip_address": "158.160.119.246",
                "nat_ip_version": "IPV4",
                "security_group_ids": [],
                "subnet_id": "e9b2s34jseskavjineh8"
              }
            ],
            "placement_policy": [
              {
                "host_affinity_rules": [],
                "placement_group_id": "",
                "placement_group_partition": 0
              }
            ],
            "platform_id": "standard-v3",
            "resources": [
              {
                "core_fraction": 100,
                "cores": 2,
                "gpus": 0,
                "memory": 2
              }
            ],
            "scheduling_policy": [
              {
                "preemptible": false
              }
            ],
            "secondary_disk": [],
            "service_account_id": "",
            "status": "running",
            "timeouts": null,
            "zone": "ru-central1-a"
          },
          "sensitive_attributes": [],
          "private": "eyJlMmJmYjczMC1lY2FhLTExZTYtOGY4OC0zNDM2M2JjN2M0YzAiOnsiY3JlYXRlIjozMDAwMDAwMDAwMDAsImRlbGV0ZSI6MzAwMDAwMDAwMDAwLCJ1cGRhdGUiOjMwMDAwMDAwMDAwMH0sInNjaGVtYV92ZXJzaW9uIjoiMSJ9",
          "dependencies": [
            "yandex_vpc_network.kub_net",
            "yandex_vpc_subnet.kub_net_subnet_a"
          ]
        },
        {
          "index_key": 1,
          "schema_version": 1,
          "attributes": {
            "allow_recreate": null,
            "allow_stopping_for_update": true,
            "boot_disk": [
              {
                "auto_delete": true,
                "device_name": "fhmogusr5iivq06er4k0",
                "disk_id": "fhmogusr5iivq06er4k0",
                "initialize_params": [
                  {
                    "block_size": 4096,
                    "description": "",
                    "image_id": "fd8dmgc8d3slc0q9pjvv",
                    "name": "",
                    "size": 10,
                    "snapshot_id": "",
                    "type": "network-hdd"
                  }
                ],
                "mode": "READ_WRITE"
              }
            ],
            "created_at": "2024-03-22T14:28:04Z",
            "description": "",
            "filesystem": [],
            "folder_id": "b1gq0mj5rh4up9offieh",
            "fqdn": "worker1-ru-central1-a.ru-central1.internal",
            "gpu_cluster_id": "",
            "hostname": "worker1-ru-central1-a",
            "id": "fhm3ts8k4kt7lfik5n0p",
            "labels": {},
            "local_disk": [],
            "maintenance_grace_period": "",
            "maintenance_policy": null,
            "metadata": {
              "user-data": "#cloud-config\nssh_pwauth: no\nusers:\n  - name: admin\n    sudo: ALL=(ALL) NOPASSWD:ALL\n    shell: /bin/bash\n    ssh_authorized_keys:\n      - ssh-rsa AAAAB3NzaC1yc2EAAAADAQABAAABgQCxuZp+FqjaFpSAeHJzYIFjYd7rw8n0JkUo9D09/bOQoloelC+dfPug5SOpSwgwDej6QTvJYTpUlw9y3JoqBjq+A6ygTNUbIrXC95rLwfwgs7bEQbrtYQhu1bxao/H/6yBWgkzl3T2J3lzi+hyAZ8bma07RZyWnJjXsiRL8ovTrv6uGyq9noFG1YFBSMl6V+fhSR+rg1aaKq9u0hH00ouuxI4ggsKY/vvLhQq1faCgjv6axZ3Wy/b0mugwrWuK5K8jEmae/AtusSID3OB5jsVaGOYRvNZCWLcwIB+NguY1A0/+5IVlpG4C0LjQ03jgyB3unbm9c4HMZJFvm3u4Ka0RsEXzaHs4gFPN5JzOWbMzAxXRHrko+Z3WepQc6uf2diMYCzTb9B31yiXqFLY0eTy/BYKjsvvjVvBh5nKv7KFp0651SkLSbjXHExEnFhZ+1cILcrvkhLNNkxCo7AgP7GLUQ1v8T6UOzfEUy0b++D/F0rP1qY/Ircs8+7fIN/wi0/sU= root@debian \n"
            },
            "metadata_options": [
              {
                "aws_v1_http_endpoint": 1,
                "aws_v1_http_token": 2,
                "gce_http_endpoint": 1,
                "gce_http_token": 1
              }
            ],
            "name": "worker1-ru-central1-a",
            "network_acceleration_type": "standard",
            "network_interface": [
              {
                "dns_record": [],
                "index": 0,
                "ip_address": "192.168.10.24",
                "ipv4": true,
                "ipv6": false,
                "ipv6_address": "",
                "ipv6_dns_record": [],
                "mac_address": "d0:0d:3e:f1:14:25",
                "nat": true,
                "nat_dns_record": [],
                "nat_ip_address": "158.160.111.121",
                "nat_ip_version": "IPV4",
                "security_group_ids": [],
                "subnet_id": "e9b2s34jseskavjineh8"
              }
            ],
            "placement_policy": [
              {
                "host_affinity_rules": [],
                "placement_group_id": "",
                "placement_group_partition": 0
              }
            ],
            "platform_id": "standard-v3",
            "resources": [
              {
                "core_fraction": 100,
                "cores": 2,
                "gpus": 0,
                "memory": 2
              }
            ],
            "scheduling_policy": [
              {
                "preemptible": false
              }
            ],
            "secondary_disk": [],
            "service_account_id": "",
            "status": "running",
            "timeouts": null,
            "zone": "ru-central1-a"
          },
          "sensitive_attributes": [],
          "private": "eyJlMmJmYjczMC1lY2FhLTExZTYtOGY4OC0zNDM2M2JjN2M0YzAiOnsiY3JlYXRlIjozMDAwMDAwMDAwMDAsImRlbGV0ZSI6MzAwMDAwMDAwMDAwLCJ1cGRhdGUiOjMwMDAwMDAwMDAwMH0sInNjaGVtYV92ZXJzaW9uIjoiMSJ9",
          "dependencies": [
            "yandex_vpc_network.kub_net",
            "yandex_vpc_subnet.kub_net_subnet_a"
          ]
        },
        {
          "index_key": 2,
          "schema_version": 1,
          "attributes": {
            "allow_recreate": null,
            "allow_stopping_for_update": true,
            "boot_disk": [
              {
                "auto_delete": true,
                "device_name": "fhmlgr5j26bvpm8dbm35",
                "disk_id": "fhmlgr5j26bvpm8dbm35",
                "initialize_params": [
                  {
                    "block_size": 4096,
                    "description": "",
                    "image_id": "fd8dmgc8d3slc0q9pjvv",
                    "name": "",
                    "size": 10,
                    "snapshot_id": "",
                    "type": "network-hdd"
                  }
                ],
                "mode": "READ_WRITE"
              }
            ],
            "created_at": "2024-03-22T14:28:04Z",
            "description": "",
            "filesystem": [],
            "folder_id": "b1gq0mj5rh4up9offieh",
            "fqdn": "worker2-ru-central1-a.ru-central1.internal",
            "gpu_cluster_id": "",
            "hostname": "worker2-ru-central1-a",
            "id": "fhmll1qupojg52tq6foc",
            "labels": {},
            "local_disk": [],
            "maintenance_grace_period": "",
            "maintenance_policy": null,
            "metadata": {
              "user-data": "#cloud-config\nssh_pwauth: no\nusers:\n  - name: admin\n    sudo: ALL=(ALL) NOPASSWD:ALL\n    shell: /bin/bash\n    ssh_authorized_keys:\n      - ssh-rsa AAAAB3NzaC1yc2EAAAADAQABAAABgQCxuZp+FqjaFpSAeHJzYIFjYd7rw8n0JkUo9D09/bOQoloelC+dfPug5SOpSwgwDej6QTvJYTpUlw9y3JoqBjq+A6ygTNUbIrXC95rLwfwgs7bEQbrtYQhu1bxao/H/6yBWgkzl3T2J3lzi+hyAZ8bma07RZyWnJjXsiRL8ovTrv6uGyq9noFG1YFBSMl6V+fhSR+rg1aaKq9u0hH00ouuxI4ggsKY/vvLhQq1faCgjv6axZ3Wy/b0mugwrWuK5K8jEmae/AtusSID3OB5jsVaGOYRvNZCWLcwIB+NguY1A0/+5IVlpG4C0LjQ03jgyB3unbm9c4HMZJFvm3u4Ka0RsEXzaHs4gFPN5JzOWbMzAxXRHrko+Z3WepQc6uf2diMYCzTb9B31yiXqFLY0eTy/BYKjsvvjVvBh5nKv7KFp0651SkLSbjXHExEnFhZ+1cILcrvkhLNNkxCo7AgP7GLUQ1v8T6UOzfEUy0b++D/F0rP1qY/Ircs8+7fIN/wi0/sU= root@debian \n"
            },
            "metadata_options": [
              {
                "aws_v1_http_endpoint": 1,
                "aws_v1_http_token": 2,
                "gce_http_endpoint": 1,
                "gce_http_token": 1
              }
            ],
            "name": "worker2-ru-central1-a",
            "network_acceleration_type": "standard",
            "network_interface": [
              {
                "dns_record": [],
                "index": 0,
                "ip_address": "192.168.10.26",
                "ipv4": true,
                "ipv6": false,
                "ipv6_address": "",
                "ipv6_dns_record": [],
                "mac_address": "d0:0d:15:a8:75:ec",
                "nat": true,
                "nat_dns_record": [],
                "nat_ip_address": "62.84.124.110",
                "nat_ip_version": "IPV4",
                "security_group_ids": [],
                "subnet_id": "e9b2s34jseskavjineh8"
              }
            ],
            "placement_policy": [
              {
                "host_affinity_rules": [],
                "placement_group_id": "",
                "placement_group_partition": 0
              }
            ],
            "platform_id": "standard-v3",
            "resources": [
              {
                "core_fraction": 100,
                "cores": 2,
                "gpus": 0,
                "memory": 2
              }
            ],
            "scheduling_policy": [
              {
                "preemptible": false
              }
            ],
            "secondary_disk": [],
            "service_account_id": "",
            "status": "running",
            "timeouts": null,
            "zone": "ru-central1-a"
          },
          "sensitive_attributes": [],
          "private": "eyJlMmJmYjczMC1lY2FhLTExZTYtOGY4OC0zNDM2M2JjN2M0YzAiOnsiY3JlYXRlIjozMDAwMDAwMDAwMDAsImRlbGV0ZSI6MzAwMDAwMDAwMDAwLCJ1cGRhdGUiOjMwMDAwMDAwMDAwMH0sInNjaGVtYV92ZXJzaW9uIjoiMSJ9",
          "dependencies": [
            "yandex_vpc_network.kub_net",
            "yandex_vpc_subnet.kub_net_subnet_a"
          ]
        },
        {
          "index_key": 3,
          "schema_version": 1,
          "attributes": {
            "allow_recreate": null,
            "allow_stopping_for_update": true,
            "boot_disk": [
              {
                "auto_delete": true,
                "device_name": "fhm8q7gm2ofl44rlb0fc",
                "disk_id": "fhm8q7gm2ofl44rlb0fc",
                "initialize_params": [
                  {
                    "block_size": 4096,
                    "description": "",
                    "image_id": "fd8dmgc8d3slc0q9pjvv",
                    "name": "",
                    "size": 10,
                    "snapshot_id": "",
                    "type": "network-hdd"
                  }
                ],
                "mode": "READ_WRITE"
              }
            ],
            "created_at": "2024-03-22T14:28:04Z",
            "description": "",
            "filesystem": [],
            "folder_id": "b1gq0mj5rh4up9offieh",
            "fqdn": "worker3-ru-central1-a.ru-central1.internal",
            "gpu_cluster_id": "",
            "hostname": "worker3-ru-central1-a",
            "id": "fhm16aia8veabrg38hn8",
            "labels": {},
            "local_disk": [],
            "maintenance_grace_period": "",
            "maintenance_policy": null,
            "metadata": {
              "user-data": "#cloud-config\nssh_pwauth: no\nusers:\n  - name: admin\n    sudo: ALL=(ALL) NOPASSWD:ALL\n    shell: /bin/bash\n    ssh_authorized_keys:\n      - ssh-rsa AAAAB3NzaC1yc2EAAAADAQABAAABgQCxuZp+FqjaFpSAeHJzYIFjYd7rw8n0JkUo9D09/bOQoloelC+dfPug5SOpSwgwDej6QTvJYTpUlw9y3JoqBjq+A6ygTNUbIrXC95rLwfwgs7bEQbrtYQhu1bxao/H/6yBWgkzl3T2J3lzi+hyAZ8bma07RZyWnJjXsiRL8ovTrv6uGyq9noFG1YFBSMl6V+fhSR+rg1aaKq9u0hH00ouuxI4ggsKY/vvLhQq1faCgjv6axZ3Wy/b0mugwrWuK5K8jEmae/AtusSID3OB5jsVaGOYRvNZCWLcwIB+NguY1A0/+5IVlpG4C0LjQ03jgyB3unbm9c4HMZJFvm3u4Ka0RsEXzaHs4gFPN5JzOWbMzAxXRHrko+Z3WepQc6uf2diMYCzTb9B31yiXqFLY0eTy/BYKjsvvjVvBh5nKv7KFp0651SkLSbjXHExEnFhZ+1cILcrvkhLNNkxCo7AgP7GLUQ1v8T6UOzfEUy0b++D/F0rP1qY/Ircs8+7fIN/wi0/sU= root@debian \n"
            },
            "metadata_options": [
              {
                "aws_v1_http_endpoint": 1,
                "aws_v1_http_token": 2,
                "gce_http_endpoint": 1,
                "gce_http_token": 1
              }
            ],
            "name": "worker3-ru-central1-a",
            "network_acceleration_type": "standard",
            "network_interface": [
              {
                "dns_record": [],
                "index": 0,
                "ip_address": "192.168.10.14",
                "ipv4": true,
                "ipv6": false,
                "ipv6_address": "",
                "ipv6_dns_record": [],
                "mac_address": "d0:0d:13:2a:4a:47",
                "nat": true,
                "nat_dns_record": [],
                "nat_ip_address": "62.84.112.169",
                "nat_ip_version": "IPV4",
                "security_group_ids": [],
                "subnet_id": "e9b2s34jseskavjineh8"
              }
            ],
            "placement_policy": [
              {
                "host_affinity_rules": [],
                "placement_group_id": "",
                "placement_group_partition": 0
              }
            ],
            "platform_id": "standard-v3",
            "resources": [
              {
                "core_fraction": 100,
                "cores": 2,
                "gpus": 0,
                "memory": 2
              }
            ],
            "scheduling_policy": [
              {
                "preemptible": false
              }
            ],
            "secondary_disk": [],
            "service_account_id": "",
            "status": "running",
            "timeouts": null,
            "zone": "ru-central1-a"
          },
          "sensitive_attributes": [],
          "private": "eyJlMmJmYjczMC1lY2FhLTExZTYtOGY4OC0zNDM2M2JjN2M0YzAiOnsiY3JlYXRlIjozMDAwMDAwMDAwMDAsImRlbGV0ZSI6MzAwMDAwMDAwMDAwLCJ1cGRhdGUiOjMwMDAwMDAwMDAwMH0sInNjaGVtYV92ZXJzaW9uIjoiMSJ9",
          "dependencies": [
            "yandex_vpc_network.kub_net",
            "yandex_vpc_subnet.kub_net_subnet_a"
          ]
        }
      ]
    },
    {
      "mode": "managed",
      "type": "yandex_vpc_network",
      "name": "kub_net",
      "provider": "provider[\"registry.terraform.io/yandex-cloud/yandex\"]",
      "instances": [
        {
          "schema_version": 0,
          "attributes": {
            "created_at": "2024-03-22T14:28:00Z",
            "default_security_group_id": "enpect415k578vu9ohnn",
            "description": "",
            "folder_id": "b1gq0mj5rh4up9offieh",
            "id": "enpvfbm8dr1jvs86ane7",
            "labels": {},
            "name": "web-kub",
            "subnet_ids": [
              "e9b2s34jseskavjineh8"
            ],
            "timeouts": null
          },
          "sensitive_attributes": [],
          "private": "eyJlMmJmYjczMC1lY2FhLTExZTYtOGY4OC0zNDM2M2JjN2M0YzAiOnsiY3JlYXRlIjo2MDAwMDAwMDAwMCwiZGVsZXRlIjo2MDAwMDAwMDAwMCwidXBkYXRlIjo2MDAwMDAwMDAwMH19"
        }
      ]
    },
    {
      "mode": "managed",
      "type": "yandex_vpc_subnet",
      "name": "kub_net_subnet_a",
      "provider": "provider[\"registry.terraform.io/yandex-cloud/yandex\"]",
      "instances": [
        {
          "schema_version": 0,
          "attributes": {
            "created_at": "2024-03-22T14:28:02Z",
            "description": "",
            "dhcp_options": [],
            "folder_id": "b1gq0mj5rh4up9offieh",
            "id": "e9b2s34jseskavjineh8",
            "labels": {},
            "name": "web-kub-a",
            "network_id": "enpvfbm8dr1jvs86ane7",
            "route_table_id": "",
            "timeouts": null,
            "v4_cidr_blocks": [
              "192.168.10.0/24"
            ],
            "v6_cidr_blocks": [],
            "zone": "ru-central1-a"
          },
          "sensitive_attributes": [],
          "private": "eyJlMmJmYjczMC1lY2FhLTExZTYtOGY4OC0zNDM2M2JjN2M0YzAiOnsiY3JlYXRlIjoxODAwMDAwMDAwMDAsImRlbGV0ZSI6MTgwMDAwMDAwMDAwLCJ1cGRhdGUiOjE4MDAwMDAwMDAwMH19",
          "dependencies": [
            "yandex_vpc_network.kub_net"
          ]
        }
      ]
    }
  ],
  "check_results": null
}
